
Microsoft Visual Studio Solution File, Format Version 12.00
# Visual Studio Version 17
VisualStudioVersion = 17.11.35327.3
MinimumVisualStudioVersion = 10.0.40219.1
Project("{9A19103F-16F7-4668-BE54-9A1E7A4F7556}") = "l5", "l5\l5.csproj", "{BF69948C-C9D9-44D1-B35F-F3390CA27F19}"
EndProject
Global
	GlobalSection(SolutionConfigurationPlatforms) = preSolution
		Debug|Any CPU = Debug|Any CPU
		Release|Any CPU = Release|Any CPU
	EndGlobalSection
	GlobalSection(ProjectConfigurationPlatforms) = postSolution
		{BF69948C-C9D9-44D1-B35F-F3390CA27F19}.Debug|Any CPU.ActiveCfg = Debug|Any CPU
		{BF69948C-C9D9-44D1-B35F-F3390CA27F19}.Debug|Any CPU.Build.0 = Debug|Any CPU
		{BF69948C-C9D9-44D1-B35F-F3390CA27F19}.Release|Any CPU.ActiveCfg = Release|Any CPU
		{BF69948C-C9D9-44D1-B35F-F3390CA27F19}.Release|Any CPU.Build.0 = Release|Any CPU
	EndGlobalSection
	GlobalSection(SolutionProperties) = preSolution
		HideSolutionNode = FALSE
	EndGlobalSection
	GlobalSection(ExtensibilityGlobals) = postSolution
		SolutionGuid = {6497B1D5-9988-4450-AD09-4D1A7B20CC63}
	EndGlobalSection
EndGlobal
